{
  "nodes": {
    "nixpkgs": {
      "locked": {
        "lastModified": 1787901958,
        "narHash": "sha256-tHKeIK8/kaQBaGNMmqkVD9gajsWCpvwQcUnG6rf3inc=",
        "owner": "NixOS",
        "repo": "nixpkgs",
        "rev": "c83372e67fb1b43ba1ca0a110ac36a58ebd5f1a7",
        "type": "github"
      },
      "original": {
        "owner": "NixOS",
        "ref": "master",
        "repo": "nixpkgs",
        "type": "github"
      }
    },
    "root": {
      "inputs": {
        "nixpkgs": "nixpkgs"
      }
    }
  },
  "root": "root",
  "version": 7
}
